
Microsoft Visual Studio Solution File, Format Version 12.00
# Visual Studio Version 16
VisualStudioVersion = 16.0.31321.278
MinimumVisualStudioVersion = 10.0.40219.1
Project("{FAE04EC0-301F-11D3-BF4B-00C04F79EFBC}") = "Team 1 E-commerce", "Team 1 E-commerce.csproj", "{8C700230-4D5D-401B-93F3-DD7E5D642CB0}"
EndProject
Global
	GlobalSection(SolutionConfigurationPlatforms) = preSolution
		Debug|Any CPU = Debug|Any CPU
		Release|Any CPU = Release|Any CPU
	EndGlobalSection
	GlobalSection(ProjectConfigurationPlatforms) = postSolution
		{8C700230-4D5D-401B-93F3-DD7E5D642CB0}.Debug|Any CPU.ActiveCfg = Debug|Any CPU
		{8C700230-4D5D-401B-93F3-DD7E5D642CB0}.Debug|Any CPU.Build.0 = Debug|Any CPU
		{8C700230-4D5D-401B-93F3-DD7E5D642CB0}.Release|Any CPU.ActiveCfg = Release|Any CPU
		{8C700230-4D5D-401B-93F3-DD7E5D642CB0}.Release|Any CPU.Build.0 = Release|Any CPU
	EndGlobalSection
	GlobalSection(SolutionProperties) = preSolution
		HideSolutionNode = FALSE
	EndGlobalSection
	GlobalSection(ExtensibilityGlobals) = postSolution
		SolutionGuid = {E9F6D8FB-921A-427A-BD21-A55CE3201E3D}
	EndGlobalSection
EndGlobal
